
Microsoft Visual Studio Solution File, Format Version 12.00
# Visual Studio Version 17
VisualStudioVersion = 17.14.36518.9
MinimumVisualStudioVersion = 10.0.40219.1
Project("{FAE04EC0-301F-11D3-BF4B-00C04F79EFBC}") = "Coti_Bianca_Lab2", "Coti_Bianca_Lab2\Coti_Bianca_Lab2.csproj", "{E8D8C427-11A3-40A8-AF70-7E94C6406E84}"
EndProject
Global
	GlobalSection(SolutionConfigurationPlatforms) = preSolution
		Debug|Any CPU = Debug|Any CPU
		Release|Any CPU = Release|Any CPU
	EndGlobalSection
	GlobalSection(ProjectConfigurationPlatforms) = postSolution
		{E8D8C427-11A3-40A8-AF70-7E94C6406E84}.Debug|Any CPU.ActiveCfg = Debug|Any CPU
		{E8D8C427-11A3-40A8-AF70-7E94C6406E84}.Debug|Any CPU.Build.0 = Debug|Any CPU
		{E8D8C427-11A3-40A8-AF70-7E94C6406E84}.Release|Any CPU.ActiveCfg = Release|Any CPU
		{E8D8C427-11A3-40A8-AF70-7E94C6406E84}.Release|Any CPU.Build.0 = Release|Any CPU
	EndGlobalSection
	GlobalSection(SolutionProperties) = preSolution
		HideSolutionNode = FALSE
	EndGlobalSection
	GlobalSection(ExtensibilityGlobals) = postSolution
		SolutionGuid = {252BD42F-7893-46BA-A512-65915A0ECB03}
	EndGlobalSection
EndGlobal
